
Microsoft Visual Studio Solution File, Format Version 12.00
# Visual Studio Version 17
VisualStudioVersion = 17.9.34616.47
MinimumVisualStudioVersion = 10.0.40219.1
Project("{FAE04EC0-301F-11D3-BF4B-00C04F79EFBC}") = "Entities", "Entities\Entities.csproj", "{1D87A14D-C2F6-4612-9C20-2BDC1659CABD}"
EndProject
Project("{FAE04EC0-301F-11D3-BF4B-00C04F79EFBC}") = "Repository", "Repository\Repository.csproj", "{5B9581C0-7AE0-416C-BFEA-F360FBC32C32}"
EndProject
Project("{FAE04EC0-301F-11D3-BF4B-00C04F79EFBC}") = "Service", "Service\Service.csproj", "{200D61AE-F377-402E-AD49-5AE60F476565}"
EndProject
Project("{FAE04EC0-301F-11D3-BF4B-00C04F79EFBC}") = "Web", "Web\Web.csproj", "{2B06BB19-52FD-40F7-ACB1-F774325EB89B}"
EndProject
Project("{FAE04EC0-301F-11D3-BF4B-00C04F79EFBC}") = "AdminPanel", "AdminPanel\AdminPanel.csproj", "{A05A2B47-8869-4BD3-896E-EE0FF0116792}"
EndProject
Project("{FAE04EC0-301F-11D3-BF4B-00C04F79EFBC}") = "API", "API\API.csproj", "{C05FEA54-B6F0-4AE1-8235-EEFEF8426DE0}"
EndProject
Global
	GlobalSection(SolutionConfigurationPlatforms) = preSolution
		Debug|Any CPU = Debug|Any CPU
		Release|Any CPU = Release|Any CPU
	EndGlobalSection
	GlobalSection(ProjectConfigurationPlatforms) = postSolution
		{1D87A14D-C2F6-4612-9C20-2BDC1659CABD}.Debug|Any CPU.ActiveCfg = Debug|Any CPU
		{1D87A14D-C2F6-4612-9C20-2BDC1659CABD}.Debug|Any CPU.Build.0 = Debug|Any CPU
		{1D87A14D-C2F6-4612-9C20-2BDC1659CABD}.Release|Any CPU.ActiveCfg = Release|Any CPU
		{1D87A14D-C2F6-4612-9C20-2BDC1659CABD}.Release|Any CPU.Build.0 = Release|Any CPU
		{5B9581C0-7AE0-416C-BFEA-F360FBC32C32}.Debug|Any CPU.ActiveCfg = Debug|Any CPU
		{5B9581C0-7AE0-416C-BFEA-F360FBC32C32}.Debug|Any CPU.Build.0 = Debug|Any CPU
		{5B9581C0-7AE0-416C-BFEA-F360FBC32C32}.Release|Any CPU.ActiveCfg = Release|Any CPU
		{5B9581C0-7AE0-416C-BFEA-F360FBC32C32}.Release|Any CPU.Build.0 = Release|Any CPU
		{200D61AE-F377-402E-AD49-5AE60F476565}.Debug|Any CPU.ActiveCfg = Debug|Any CPU
		{200D61AE-F377-402E-AD49-5AE60F476565}.Debug|Any CPU.Build.0 = Debug|Any CPU
		{200D61AE-F377-402E-AD49-5AE60F476565}.Release|Any CPU.ActiveCfg = Release|Any CPU
		{200D61AE-F377-402E-AD49-5AE60F476565}.Release|Any CPU.Build.0 = Release|Any CPU
		{2B06BB19-52FD-40F7-ACB1-F774325EB89B}.Debug|Any CPU.ActiveCfg = Debug|Any CPU
		{2B06BB19-52FD-40F7-ACB1-F774325EB89B}.Debug|Any CPU.Build.0 = Debug|Any CPU
		{2B06BB19-52FD-40F7-ACB1-F774325EB89B}.Release|Any CPU.ActiveCfg = Release|Any CPU
		{2B06BB19-52FD-40F7-ACB1-F774325EB89B}.Release|Any CPU.Build.0 = Release|Any CPU
		{A05A2B47-8869-4BD3-896E-EE0FF0116792}.Debug|Any CPU.ActiveCfg = Debug|Any CPU
		{A05A2B47-8869-4BD3-896E-EE0FF0116792}.Debug|Any CPU.Build.0 = Debug|Any CPU
		{A05A2B47-8869-4BD3-896E-EE0FF0116792}.Release|Any CPU.ActiveCfg = Release|Any CPU
		{A05A2B47-8869-4BD3-896E-EE0FF0116792}.Release|Any CPU.Build.0 = Release|Any CPU
		{C05FEA54-B6F0-4AE1-8235-EEFEF8426DE0}.Debug|Any CPU.ActiveCfg = Debug|Any CPU
		{C05FEA54-B6F0-4AE1-8235-EEFEF8426DE0}.Debug|Any CPU.Build.0 = Debug|Any CPU
		{C05FEA54-B6F0-4AE1-8235-EEFEF8426DE0}.Release|Any CPU.ActiveCfg = Release|Any CPU
		{C05FEA54-B6F0-4AE1-8235-EEFEF8426DE0}.Release|Any CPU.Build.0 = Release|Any CPU
	EndGlobalSection
	GlobalSection(SolutionProperties) = preSolution
		HideSolutionNode = FALSE
	EndGlobalSection
	GlobalSection(ExtensibilityGlobals) = postSolution
		SolutionGuid = {9714BA15-1940-4701-A1FB-4CB69ED7DA5F}
	EndGlobalSection
EndGlobal
